// !$*UTF8*$!
{
	archiveVersion = 1;
	classes = {
	};
	objectVersion = 77;
	objects = {

/* Begin PBXBuildFile section */
		EE4028CC2EAB68B80072C873 /* Info.plist in Resources */ = {isa = PBXBuildFile; fileRef = EE4028C92EAB68B80072C873 /* Info.plist */; };
		EE4028CD2EAB68B80072C873 /* PrivacyInfo.xcprivacy in Resources */ = {isa = PBXBuildFile; fileRef = EE4028C62EAB68B80072C873 /* PrivacyInfo.xcprivacy */; };
		EE4028CE2EAB68B80072C873 /* Assets.xcassets in Resources */ = {isa = PBXBuildFile; fileRef = EE4028C42EAB68B80072C873 /* Assets.xcassets */; };
		EE4028CF2EAB68B80072C873 /* Localizable.xcstrings in Resources */ = {isa = PBXBuildFile; fileRef = EE4028C52EAB68B80072C873 /* Localizable.xcstrings */; };
		EE4028D02EAB68B80072C873 /* PrismPlayerApp.swift in Sources */ = {isa = PBXBuildFile; fileRef = EE4028CA2EAB68B80072C873 /* PrismPlayerApp.swift */; };
		EE4028D12EAB68B80072C873 /* ContentView.swift in Sources */ = {isa = PBXBuildFile; fileRef = EE4028C82EAB68B80072C873 /* ContentView.swift */; };
		EE4028D52EAB68E80072C873 /* PrismASR in Frameworks */ = {isa = PBXBuildFile; productRef = EE4028D42EAB68E80072C873 /* PrismASR */; };
		EE4028D82EAB68EF0072C873 /* PrismCore in Frameworks */ = {isa = PBXBuildFile; productRef = EE4028D72EAB68EF0072C873 /* PrismCore */; };
/* End PBXBuildFile section */

/* Begin PBXFileReference section */
		EE4028B52EAB689A0072C873 /* PrismPlayer-macOS.app */ = {isa = PBXFileReference; explicitFileType = wrapper.application; includeInIndex = 0; path = "PrismPlayer-macOS.app"; sourceTree = BUILT_PRODUCTS_DIR; };
		EE4028C42EAB68B80072C873 /* Assets.xcassets */ = {isa = PBXFileReference; lastKnownFileType = folder.assetcatalog; path = Assets.xcassets; sourceTree = "<group>"; };
		EE4028C52EAB68B80072C873 /* Localizable.xcstrings */ = {isa = PBXFileReference; lastKnownFileType = text.json.xcstrings; path = Localizable.xcstrings; sourceTree = "<group>"; };
		EE4028C62EAB68B80072C873 /* PrivacyInfo.xcprivacy */ = {isa = PBXFileReference; lastKnownFileType = text.xml; path = PrivacyInfo.xcprivacy; sourceTree = "<group>"; };
		EE4028C82EAB68B80072C873 /* ContentView.swift */ = {isa = PBXFileReference; lastKnownFileType = sourcecode.swift; path = ContentView.swift; sourceTree = "<group>"; };
		EE4028C92EAB68B80072C873 /* Info.plist */ = {isa = PBXFileReference; lastKnownFileType = text.plist.xml; path = Info.plist; sourceTree = "<group>"; };
		EE4028CA2EAB68B80072C873 /* PrismPlayerApp.swift */ = {isa = PBXFileReference; lastKnownFileType = sourcecode.swift; path = PrismPlayerApp.swift; sourceTree = "<group>"; };
		EE4028E12EAB6B6B0072C873 /* PrismPlayer_macOS.entitlements */ = {isa = PBXFileReference; lastKnownFileType = text.plist.entitlements; path = PrismPlayer_macOS.entitlements; sourceTree = "<group>"; };
/* End PBXFileReference section */

/* Begin PBXFrameworksBuildPhase section */
		EE4028B22EAB689A0072C873 /* Frameworks */ = {
			isa = PBXFrameworksBuildPhase;
			buildActionMask = 2147483647;
			files = (
				EE4028D52EAB68E80072C873 /* PrismASR in Frameworks */,
				EE4028D82EAB68EF0072C873 /* PrismCore in Frameworks */,
			);
			runOnlyForDeploymentPostprocessing = 0;
		};
/* End PBXFrameworksBuildPhase section */

/* Begin PBXGroup section */
		EE4028AC2EAB689A0072C873 = {
			isa = PBXGroup;
			children = (
				EE4028E12EAB6B6B0072C873 /* PrismPlayer_macOS.entitlements */,
				EE4028C72EAB68B80072C873 /* Resources */,
				EE4028CB2EAB68B80072C873 /* Sources */,
				EE4028B62EAB689A0072C873 /* Products */,
			);
			sourceTree = "<group>";
		};
		EE4028B62EAB689A0072C873 /* Products */ = {
			isa = PBXGroup;
			children = (
				EE4028B52EAB689A0072C873 /* PrismPlayer-macOS.app */,
			);
			name = Products;
			sourceTree = "<group>";
		};
		EE4028C72EAB68B80072C873 /* Resources */ = {
			isa = PBXGroup;
			children = (
				EE4028C42EAB68B80072C873 /* Assets.xcassets */,
				EE4028C52EAB68B80072C873 /* Localizable.xcstrings */,
				EE4028C62EAB68B80072C873 /* PrivacyInfo.xcprivacy */,
			);
			path = Resources;
			sourceTree = "<group>";
		};
		EE4028CB2EAB68B80072C873 /* Sources */ = {
			isa = PBXGroup;
			children = (
				EE4028C82EAB68B80072C873 /* ContentView.swift */,
				EE4028C92EAB68B80072C873 /* Info.plist */,
				EE4028CA2EAB68B80072C873 /* PrismPlayerApp.swift */,
			);
			path = Sources;
			sourceTree = "<group>";
		};
/* End PBXGroup section */

/* Begin PBXNativeTarget section */
		EE4028B42EAB689A0072C873 /* PrismPlayer-macOS */ = {
			isa = PBXNativeTarget;
			buildConfigurationList = EE4028C12EAB689B0072C873 /* Build configuration list for PBXNativeTarget "PrismPlayer-macOS" */;
			buildPhases = (
				EE274BDB2EAB702E00E68734 /* ShellScript */,
				EE4028B12EAB689A0072C873 /* Sources */,
				EE4028B22EAB689A0072C873 /* Frameworks */,
				EE4028B32EAB689A0072C873 /* Resources */,
			);
			buildRules = (
			);
			dependencies = (
			);
			name = "PrismPlayer-macOS";
			packageProductDependencies = (
				EE4028D42EAB68E80072C873 /* PrismASR */,
				EE4028D72EAB68EF0072C873 /* PrismCore */,
			);
			productName = "PrismPlayer-macOS";
			productReference = EE4028B52EAB689A0072C873 /* PrismPlayer-macOS.app */;
			productType = "com.apple.product-type.application";
		};
/* End PBXNativeTarget section */

/* Begin PBXProject section */
		EE4028AD2EAB689A0072C873 /* Project object */ = {
			isa = PBXProject;
			attributes = {
				BuildIndependentTargetsInParallel = 1;
				LastSwiftUpdateCheck = 1640;
				LastUpgradeCheck = 1640;
				TargetAttributes = {
					EE4028B42EAB689A0072C873 = {
						CreatedOnToolsVersion = 16.4;
					};
				};
			};
			buildConfigurationList = EE4028B02EAB689A0072C873 /* Build configuration list for PBXProject "PrismPlayer-macOS" */;
			developmentRegion = en;
			hasScannedForEncodings = 0;
			knownRegions = (
				en,
				Base,
			);
			mainGroup = EE4028AC2EAB689A0072C873;
			minimizedProjectReferenceProxies = 1;
			packageReferences = (
				EE4028D22EAB68E30072C873 /* XCLocalSwiftPackageReference "../../packages/PrismKit" */,
				EE4028D32EAB68E80072C873 /* XCLocalSwiftPackageReference "../../packages/PrismASR" */,
				EE4028D62EAB68EF0072C873 /* XCLocalSwiftPackageReference "../../packages/PrismCore" */,
			);
			preferredProjectObjectVersion = 77;
			productRefGroup = EE4028B62EAB689A0072C873 /* Products */;
			projectDirPath = "";
			projectRoot = "";
			targets = (
				EE4028B42EAB689A0072C873 /* PrismPlayer-macOS */,
			);
		};
/* End PBXProject section */

/* Begin PBXResourcesBuildPhase section */
		EE4028B32EAB689A0072C873 /* Resources */ = {
			isa = PBXResourcesBuildPhase;
			buildActionMask = 2147483647;
			files = (
				EE4028CC2EAB68B80072C873 /* Info.plist in Resources */,
				EE4028CD2EAB68B80072C873 /* PrivacyInfo.xcprivacy in Resources */,
				EE4028CE2EAB68B80072C873 /* Assets.xcassets in Resources */,
				EE4028CF2EAB68B80072C873 /* Localizable.xcstrings in Resources */,
			);
			runOnlyForDeploymentPostprocessing = 0;
		};
/* End PBXResourcesBuildPhase section */

/* Begin PBXShellScriptBuildPhase section */
		EE274BDB2EAB702E00E68734 /* ShellScript */ = {
			isa = PBXShellScriptBuildPhase;
			buildActionMask = 2147483647;
			files = (
			);
			inputFileListPaths = (
			);
			inputPaths = (
			);
			outputFileListPaths = (
			);
			outputPaths = (
			);
			runOnlyForDeploymentPostprocessing = 0;
			shellPath = /bin/sh;
			shellScript = "echo \"${PROJECT_DIR}/scripts/swiftlint.sh\"\nsh \"${PROJECT_DIR}/scripts/swiftlint.sh\"\n";
		};
/* End PBXShellScriptBuildPhase section */

/* Begin PBXSourcesBuildPhase section */
		EE4028B12EAB689A0072C873 /* Sources */ = {
			isa = PBXSourcesBuildPhase;
			buildActionMask = 2147483647;
			files = (
				EE4028D02EAB68B80072C873 /* PrismPlayerApp.swift in Sources */,
				EE4028D12EAB68B80072C873 /* ContentView.swift in Sources */,
			);
			runOnlyForDeploymentPostprocessing = 0;
		};
/* End PBXSourcesBuildPhase section */

/* Begin XCBuildConfiguration section */
		EE4028BF2EAB689B0072C873 /* Debug */ = {
			isa = XCBuildConfiguration;
			buildSettings = {
				ALWAYS_SEARCH_USER_PATHS = NO;
				ASSETCATALOG_COMPILER_GENERATE_SWIFT_ASSET_SYMBOL_EXTENSIONS = YES;
				CLANG_ANALYZER_NONNULL = YES;
				CLANG_ANALYZER_NUMBER_OBJECT_CONVERSION = YES_AGGRESSIVE;
				CLANG_CXX_LANGUAGE_STANDARD = "gnu++20";
				CLANG_ENABLE_MODULES = YES;
				CLANG_ENABLE_OBJC_ARC = YES;
				CLANG_ENABLE_OBJC_WEAK = YES;
				CLANG_WARN_BLOCK_CAPTURE_AUTORELEASING = YES;
				CLANG_WARN_BOOL_CONVERSION = YES;
				CLANG_WARN_COMMA = YES;
				CLANG_WARN_CONSTANT_CONVERSION = YES;
				CLANG_WARN_DEPRECATED_OBJC_IMPLEMENTATIONS = YES;
				CLANG_WARN_DIRECT_OBJC_ISA_USAGE = YES_ERROR;
				CLANG_WARN_DOCUMENTATION_COMMENTS = YES;
				CLANG_WARN_EMPTY_BODY = YES;
				CLANG_WARN_ENUM_CONVERSION = YES;
				CLANG_WARN_INFINITE_RECURSION = YES;
				CLANG_WARN_INT_CONVERSION = YES;
				CLANG_WARN_NON_LITERAL_NULL_CONVERSION = YES;
				CLANG_WARN_OBJC_IMPLICIT_RETAIN_SELF = YES;
				CLANG_WARN_OBJC_LITERAL_CONVERSION = YES;
				CLANG_WARN_OBJC_ROOT_CLASS = YES_ERROR;
				CLANG_WARN_QUOTED_INCLUDE_IN_FRAMEWORK_HEADER = YES;
				CLANG_WARN_RANGE_LOOP_ANALYSIS = YES;
				CLANG_WARN_STRICT_PROTOTYPES = YES;
				CLANG_WARN_SUSPICIOUS_MOVE = YES;
				CLANG_WARN_UNGUARDED_AVAILABILITY = YES_AGGRESSIVE;
				CLANG_WARN_UNREACHABLE_CODE = YES;
				CLANG_WARN__DUPLICATE_METHOD_MATCH = YES;
				COPY_PHASE_STRIP = NO;
				DEBUG_INFORMATION_FORMAT = dwarf;
				DEVELOPMENT_TEAM = 5US9XYQPZ2;
				ENABLE_STRICT_OBJC_MSGSEND = YES;
				ENABLE_TESTABILITY = YES;
				ENABLE_USER_SCRIPT_SANDBOXING = YES;
				GCC_C_LANGUAGE_STANDARD = gnu17;
				GCC_DYNAMIC_NO_PIC = NO;
				GCC_NO_COMMON_BLOCKS = YES;
				GCC_OPTIMIZATION_LEVEL = 0;
				GCC_PREPROCESSOR_DEFINITIONS = (
					"DEBUG=1",
					"$(inherited)",
				);
				GCC_WARN_64_TO_32_BIT_CONVERSION = YES;
				GCC_WARN_ABOUT_RETURN_TYPE = YES_ERROR;
				GCC_WARN_UNDECLARED_SELECTOR = YES;
				GCC_WARN_UNINITIALIZED_AUTOS = YES_AGGRESSIVE;
				GCC_WARN_UNUSED_FUNCTION = YES;
				GCC_WARN_UNUSED_VARIABLE = YES;
				LOCALIZATION_PREFERS_STRING_CATALOGS = YES;
				MACOSX_DEPLOYMENT_TARGET = 15.3;
				MTL_ENABLE_DEBUG_INFO = INCLUDE_SOURCE;
				MTL_FAST_MATH = YES;
				ONLY_ACTIVE_ARCH = YES;
				SDKROOT = macosx;
				SWIFT_ACTIVE_COMPILATION_CONDITIONS = "DEBUG $(inherited)";
				SWIFT_OPTIMIZATION_LEVEL = "-Onone";
			};
			name = Debug;
		};
		EE4028C02EAB689B0072C873 /* Release */ = {
			isa = XCBuildConfiguration;
			buildSettings = {
				ALWAYS_SEARCH_USER_PATHS = NO;
				ASSETCATALOG_COMPILER_GENERATE_SWIFT_ASSET_SYMBOL_EXTENSIONS = YES;
				CLANG_ANALYZER_NONNULL = YES;
				CLANG_ANALYZER_NUMBER_OBJECT_CONVERSION = YES_AGGRESSIVE;
				CLANG_CXX_LANGUAGE_STANDARD = "gnu++20";
				CLANG_ENABLE_MODULES = YES;
				CLANG_ENABLE_OBJC_ARC = YES;
				CLANG_ENABLE_OBJC_WEAK = YES;
				CLANG_WARN_BLOCK_CAPTURE_AUTORELEASING = YES;
				CLANG_WARN_BOOL_CONVERSION = YES;
				CLANG_WARN_COMMA = YES;
				CLANG_WARN_CONSTANT_CONVERSION = YES;
				CLANG_WARN_DEPRECATED_OBJC_IMPLEMENTATIONS = YES;
				CLANG_WARN_DIRECT_OBJC_ISA_USAGE = YES_ERROR;
				CLANG_WARN_DOCUMENTATION_COMMENTS = YES;
				CLANG_WARN_EMPTY_BODY = YES;
				CLANG_WARN_ENUM_CONVERSION = YES;
				CLANG_WARN_INFINITE_RECURSION = YES;
				CLANG_WARN_INT_CONVERSION = YES;
				CLANG_WARN_NON_LITERAL_NULL_CONVERSION = YES;
				CLANG_WARN_OBJC_IMPLICIT_RETAIN_SELF = YES;
				CLANG_WARN_OBJC_LITERAL_CONVERSION = YES;
				CLANG_WARN_OBJC_ROOT_CLASS = YES_ERROR;
				CLANG_WARN_QUOTED_INCLUDE_IN_FRAMEWORK_HEADER = YES;
				CLANG_WARN_RANGE_LOOP_ANALYSIS = YES;
				CLANG_WARN_STRICT_PROTOTYPES = YES;
				CLANG_WARN_SUSPICIOUS_MOVE = YES;
				CLANG_WARN_UNGUARDED_AVAILABILITY = YES_AGGRESSIVE;
				CLANG_WARN_UNREACHABLE_CODE = YES;
				CLANG_WARN__DUPLICATE_METHOD_MATCH = YES;
				COPY_PHASE_STRIP = NO;
				DEBUG_INFORMATION_FORMAT = "dwarf-with-dsym";
				DEVELOPMENT_TEAM = 5US9XYQPZ2;
				ENABLE_NS_ASSERTIONS = NO;
				ENABLE_STRICT_OBJC_MSGSEND = YES;
				ENABLE_USER_SCRIPT_SANDBOXING = YES;
				GCC_C_LANGUAGE_STANDARD = gnu17;
				GCC_NO_COMMON_BLOCKS = YES;
				GCC_WARN_64_TO_32_BIT_CONVERSION = YES;
				GCC_WARN_ABOUT_RETURN_TYPE = YES_ERROR;
				GCC_WARN_UNDECLARED_SELECTOR = YES;
				GCC_WARN_UNINITIALIZED_AUTOS = YES_AGGRESSIVE;
				GCC_WARN_UNUSED_FUNCTION = YES;
				GCC_WARN_UNUSED_VARIABLE = YES;
				LOCALIZATION_PREFERS_STRING_CATALOGS = YES;
				MACOSX_DEPLOYMENT_TARGET = 15.3;
				MTL_ENABLE_DEBUG_INFO = NO;
				MTL_FAST_MATH = YES;
				SDKROOT = macosx;
				SWIFT_COMPILATION_MODE = wholemodule;
			};
			name = Release;
		};
		EE4028C22EAB689B0072C873 /* Debug */ = {
			isa = XCBuildConfiguration;
			buildSettings = {
				ASSETCATALOG_COMPILER_APPICON_NAME = AppIcon;
				ASSETCATALOG_COMPILER_GLOBAL_ACCENT_COLOR_NAME = AccentColor;
				CODE_SIGN_ENTITLEMENTS = PrismPlayer_macOS.entitlements;
				"CODE_SIGN_IDENTITY[sdk=macosx*]" = "-";
				CODE_SIGN_STYLE = Automatic;
				COMBINE_HIDPI_IMAGES = YES;
				CURRENT_PROJECT_VERSION = 1;
				DEVELOPMENT_TEAM = 5US9XYQPZ2;
				ENABLE_HARDENED_RUNTIME = YES;
				ENABLE_PREVIEWS = YES;
				ENABLE_USER_SCRIPT_SANDBOXING = NO;
				GENERATE_INFOPLIST_FILE = YES;
				INFOPLIST_FILE = Sources/Info.plist;
				INFOPLIST_KEY_NSHumanReadableCopyright = "";
				LD_RUNPATH_SEARCH_PATHS = (
					"$(inherited)",
					"@executable_path/../Frameworks",
				);
				MARKETING_VERSION = 1.0;
				PRODUCT_BUNDLE_IDENTIFIER = "com.prismplayer.PrismPlayer-macOS";
				PRODUCT_NAME = "$(TARGET_NAME)";
				REGISTER_APP_GROUPS = YES;
				SWIFT_EMIT_LOC_STRINGS = YES;
				SWIFT_VERSION = 5.0;
			};
			name = Debug;
		};
		EE4028C32EAB689B0072C873 /* Release */ = {
			isa = XCBuildConfiguration;
			buildSettings = {
				ASSETCATALOG_COMPILER_APPICON_NAME = AppIcon;
				ASSETCATALOG_COMPILER_GLOBAL_ACCENT_COLOR_NAME = AccentColor;
				CODE_SIGN_ENTITLEMENTS = PrismPlayer_macOS.entitlements;
				"CODE_SIGN_IDENTITY[sdk=macosx*]" = "-";
				CODE_SIGN_STYLE = Automatic;
				COMBINE_HIDPI_IMAGES = YES;
				CURRENT_PROJECT_VERSION = 1;
				DEVELOPMENT_TEAM = 5US9XYQPZ2;
				ENABLE_HARDENED_RUNTIME = YES;
				ENABLE_PREVIEWS = YES;
				ENABLE_USER_SCRIPT_SANDBOXING = NO;
				GENERATE_INFOPLIST_FILE = YES;
				INFOPLIST_FILE = Sources/Info.plist;
				INFOPLIST_KEY_NSHumanReadableCopyright = "";
				LD_RUNPATH_SEARCH_PATHS = (
					"$(inherited)",
					"@executable_path/../Frameworks",
				);
				MARKETING_VERSION = 1.0;
				PRODUCT_BUNDLE_IDENTIFIER = "com.prismplayer.PrismPlayer-macOS";
				PRODUCT_NAME = "$(TARGET_NAME)";
				REGISTER_APP_GROUPS = YES;
				SWIFT_EMIT_LOC_STRINGS = YES;
				SWIFT_VERSION = 5.0;
			};
			name = Release;
		};
/* End XCBuildConfiguration section */

/* Begin XCConfigurationList section */
		EE4028B02EAB689A0072C873 /* Build configuration list for PBXProject "PrismPlayer-macOS" */ = {
			isa = XCConfigurationList;
			buildConfigurations = (
				EE4028BF2EAB689B0072C873 /* Debug */,
				EE4028C02EAB689B0072C873 /* Release */,
			);
			defaultConfigurationIsVisible = 0;
			defaultConfigurationName = Release;
		};
		EE4028C12EAB689B0072C873 /* Build configuration list for PBXNativeTarget "PrismPlayer-macOS" */ = {
			isa = XCConfigurationList;
			buildConfigurations = (
				EE4028C22EAB689B0072C873 /* Debug */,
				EE4028C32EAB689B0072C873 /* Release */,
			);
			defaultConfigurationIsVisible = 0;
			defaultConfigurationName = Release;
		};
/* End XCConfigurationList section */

/* Begin XCLocalSwiftPackageReference section */
		EE4028D22EAB68E30072C873 /* XCLocalSwiftPackageReference "../../packages/PrismKit" */ = {
			isa = XCLocalSwiftPackageReference;
			relativePath = ../../packages/PrismKit;
		};
		EE4028D32EAB68E80072C873 /* XCLocalSwiftPackageReference "../../packages/PrismASR" */ = {
			isa = XCLocalSwiftPackageReference;
			relativePath = ../../packages/PrismASR;
		};
		EE4028D62EAB68EF0072C873 /* XCLocalSwiftPackageReference "../../packages/PrismCore" */ = {
			isa = XCLocalSwiftPackageReference;
			relativePath = ../../packages/PrismCore;
		};
/* End XCLocalSwiftPackageReference section */

/* Begin XCSwiftPackageProductDependency section */
		EE4028D42EAB68E80072C873 /* PrismASR */ = {
			isa = XCSwiftPackageProductDependency;
			productName = PrismASR;
		};
		EE4028D72EAB68EF0072C873 /* PrismCore */ = {
			isa = XCSwiftPackageProductDependency;
			productName = PrismCore;
		};
/* End XCSwiftPackageProductDependency section */
	};
	rootObject = EE4028AD2EAB689A0072C873 /* Project object */;
}
